<?xml version="1.0" encoding="UTF-8"?>
<Project ToolsVersion="4.0" xmlns="http://schemas.microsoft.com/developer/msbuild/2003">
    <ItemGroup>
        <Filter Include="Source Files">
            <UniqueIdentifier>{803d0c5d-388a-40db-83fe-d294e9278f3c}</UniqueIdentifier>
            <Extensions>c;C;cpp;cxx;c++;cc;cs;def;java;m;mm</Extensions>
            <ParseFiles>True</ParseFiles>
            <SourceControlFiles>True</SourceControlFiles>
        </Filter>
        <Filter Include="Header Files">
            <UniqueIdentifier>{eb9233ce-3ced-45b2-ad32-93c504065341}</UniqueIdentifier>
            <Extensions>h;H;hpp;hxx;h++</Extensions>
            <ParseFiles>True</ParseFiles>
            <SourceControlFiles>True</SourceControlFiles>
        </Filter>
        <Filter Include="Form Files">
            <UniqueIdentifier>{8130464a-4a1e-4292-abfe-3279781ec37b}</UniqueIdentifier>
            <Extensions>ui</Extensions>
            <ParseFiles>True</ParseFiles>
            <SourceControlFiles>True</SourceControlFiles>
        </Filter>
        <Filter Include="Resource Files">
            <UniqueIdentifier>{5257b0bf-6277-4d76-bc9f-828497dbc765}</UniqueIdentifier>
            <Extensions>qrc;rc;*</Extensions>
            <ParseFiles>False</ParseFiles>
            <SourceControlFiles>True</SourceControlFiles>
        </Filter>
        <Filter Include="Generated Files">
            <UniqueIdentifier>{94abbf27-d44f-4367-878c-a7dad417769d}</UniqueIdentifier>
            <Extensions>moc</Extensions>
            <ParseFiles>True</ParseFiles>
            <SourceControlFiles>False</SourceControlFiles>
        </Filter>
        <Filter Include="Translation Files">
            <UniqueIdentifier>{368ddb4e-479c-445a-8eac-25a501ecdd53}</UniqueIdentifier>
            <Extensions>ts</Extensions>
            <ParseFiles>False</ParseFiles>
            <SourceControlFiles>True</SourceControlFiles>
        </Filter>
    </ItemGroup>
    <ItemGroup>
        <ClInclude Include="C:/dev/eden_industries/eden_projects/SketchEngine/tools/Tiled3.0/tiled/src/plugins/json1/json_global.h">
            <Filter>Header Files</Filter>
        </ClInclude>
        <ClInclude Include="C:/dev/eden_industries/eden_projects/SketchEngine/tools/Tiled3.0/tiled/src/plugins/json1/jsonplugin.h">
            <Filter>Header Files</Filter>
        </ClInclude>
        <ClInclude Include="C:/dev/eden_industries/eden_projects/SketchEngine/tools/Tiled3.0/tiled/src/plugins/json1/qjsonparser/json.h">
            <Filter>Header Files</Filter>
        </ClInclude>
    </ItemGroup>
    <ItemGroup>
        <ClCompile Include="C:/dev/eden_industries/eden_projects/SketchEngine/tools/Tiled3.0/tiled/src/plugins/json1/jsonplugin.cpp">
            <Filter>Source Files</Filter>
        </ClCompile>
        <ClCompile Include="C:/dev/eden_industries/eden_projects/SketchEngine/tools/Tiled3.0/tiled/src/plugins/json1/qjsonparser/json.cpp">
            <Filter>Source Files</Filter>
        </ClCompile>
    </ItemGroup>
    <ItemGroup>
        <None Include="C:/dev/eden_industries/eden_projects/SketchEngine/tools/Tiled3.0/tiled/src/plugins/json1/plugin.json"/>
    </ItemGroup>
</Project>
