<?xml version="1.0" encoding="UTF-8"?>
<Project ToolsVersion="4.0" xmlns="http://schemas.microsoft.com/developer/msbuild/2003">
    <ItemGroup>
        <Filter Include="Source Files">
            <UniqueIdentifier>{de9ce028-f307-4e22-bcc3-efb6c88d5823}</UniqueIdentifier>
            <Extensions>c;C;cpp;cxx;c++;cc;cs;def;java;m;mm</Extensions>
            <ParseFiles>True</ParseFiles>
            <SourceControlFiles>True</SourceControlFiles>
        </Filter>
        <Filter Include="Header Files">
            <UniqueIdentifier>{95148852-4580-43f1-b650-2fc7ddc519bc}</UniqueIdentifier>
            <Extensions>h;H;hpp;hxx;h++</Extensions>
            <ParseFiles>True</ParseFiles>
            <SourceControlFiles>True</SourceControlFiles>
        </Filter>
        <Filter Include="Form Files">
            <UniqueIdentifier>{b6e508b5-e54c-4f8a-996a-6451b0f40930}</UniqueIdentifier>
            <Extensions>ui</Extensions>
            <ParseFiles>True</ParseFiles>
            <SourceControlFiles>True</SourceControlFiles>
        </Filter>
        <Filter Include="Resource Files">
            <UniqueIdentifier>{97ef29fa-1b29-461e-8ac1-ef5cc2e7d871}</UniqueIdentifier>
            <Extensions>qrc;rc;*</Extensions>
            <ParseFiles>False</ParseFiles>
            <SourceControlFiles>True</SourceControlFiles>
        </Filter>
        <Filter Include="Generated Files">
            <UniqueIdentifier>{48c44055-5bb4-4753-9811-d239e38929a6}</UniqueIdentifier>
            <Extensions>moc</Extensions>
            <ParseFiles>True</ParseFiles>
            <SourceControlFiles>False</SourceControlFiles>
        </Filter>
        <Filter Include="Translation Files">
            <UniqueIdentifier>{7ecdbd3e-61be-4d66-a330-cad942b2007d}</UniqueIdentifier>
            <Extensions>ts</Extensions>
            <ParseFiles>False</ParseFiles>
            <SourceControlFiles>True</SourceControlFiles>
        </Filter>
    </ItemGroup>
    <ItemGroup>
        <ClCompile Include="C:/dev/eden_industries/eden_projects/SketchEngine/tools/Tiled3.0/tiled/src/qtpropertybrowser/src/qtbuttonpropertybrowser.cpp">
            <Filter>Source Files</Filter>
        </ClCompile>
        <ClCompile Include="C:/dev/eden_industries/eden_projects/SketchEngine/tools/Tiled3.0/tiled/src/qtpropertybrowser/src/qteditorfactory.cpp">
            <Filter>Source Files</Filter>
        </ClCompile>
        <ClCompile Include="C:/dev/eden_industries/eden_projects/SketchEngine/tools/Tiled3.0/tiled/src/qtpropertybrowser/src/qtgroupboxpropertybrowser.cpp">
            <Filter>Source Files</Filter>
        </ClCompile>
        <ClCompile Include="C:/dev/eden_industries/eden_projects/SketchEngine/tools/Tiled3.0/tiled/src/qtpropertybrowser/src/qtpropertybrowser.cpp">
            <Filter>Source Files</Filter>
        </ClCompile>
        <ClCompile Include="C:/dev/eden_industries/eden_projects/SketchEngine/tools/Tiled3.0/tiled/src/qtpropertybrowser/src/qtpropertybrowserutils.cpp">
            <Filter>Source Files</Filter>
        </ClCompile>
        <ClCompile Include="C:/dev/eden_industries/eden_projects/SketchEngine/tools/Tiled3.0/tiled/src/qtpropertybrowser/src/qtpropertymanager.cpp">
            <Filter>Source Files</Filter>
        </ClCompile>
        <ClCompile Include="C:/dev/eden_industries/eden_projects/SketchEngine/tools/Tiled3.0/tiled/src/qtpropertybrowser/src/qttreepropertybrowser.cpp">
            <Filter>Source Files</Filter>
        </ClCompile>
        <ClCompile Include="C:/dev/eden_industries/eden_projects/SketchEngine/tools/Tiled3.0/tiled/src/qtpropertybrowser/src/qtvariantproperty.cpp">
            <Filter>Source Files</Filter>
        </ClCompile>
    </ItemGroup>
    <ItemGroup>
        <ClInclude Include="C:/dev/eden_industries/eden_projects/SketchEngine/tools/Tiled3.0/tiled/src/qtpropertybrowser/src/qtbuttonpropertybrowser.h">
            <Filter>Header Files</Filter>
        </ClInclude>
        <ClInclude Include="C:/dev/eden_industries/eden_projects/SketchEngine/tools/Tiled3.0/tiled/src/qtpropertybrowser/src/qteditorfactory.h">
            <Filter>Header Files</Filter>
        </ClInclude>
        <ClInclude Include="C:/dev/eden_industries/eden_projects/SketchEngine/tools/Tiled3.0/tiled/src/qtpropertybrowser/src/qtgroupboxpropertybrowser.h">
            <Filter>Header Files</Filter>
        </ClInclude>
        <ClInclude Include="C:/dev/eden_industries/eden_projects/SketchEngine/tools/Tiled3.0/tiled/src/qtpropertybrowser/src/qtpropertybrowser.h">
            <Filter>Header Files</Filter>
        </ClInclude>
        <ClInclude Include="C:/dev/eden_industries/eden_projects/SketchEngine/tools/Tiled3.0/tiled/src/qtpropertybrowser/src/qtpropertybrowserutils_p.h">
            <Filter>Header Files</Filter>
        </ClInclude>
        <ClInclude Include="C:/dev/eden_industries/eden_projects/SketchEngine/tools/Tiled3.0/tiled/src/qtpropertybrowser/src/qtpropertymanager.h">
            <Filter>Header Files</Filter>
        </ClInclude>
        <ClInclude Include="C:/dev/eden_industries/eden_projects/SketchEngine/tools/Tiled3.0/tiled/src/qtpropertybrowser/src/qttreepropertybrowser.h">
            <Filter>Header Files</Filter>
        </ClInclude>
        <ClInclude Include="C:/dev/eden_industries/eden_projects/SketchEngine/tools/Tiled3.0/tiled/src/qtpropertybrowser/src/qtvariantproperty.h">
            <Filter>Header Files</Filter>
        </ClInclude>
    </ItemGroup>
</Project>
