<?xml version="1.0" encoding="utf-8"?>
<Project ToolsVersion="4.0" xmlns="http://schemas.microsoft.com/developer/msbuild/2003">
  <ItemGroup>
    <Filter Include="Source Files">
      <UniqueIdentifier>{3a767dae-3ecf-43f3-a6d2-1f40d10e858b}</UniqueIdentifier>
      <Extensions>c;C;cpp;cxx;c++;cc;cs;def;java;m;mm</Extensions>
      <ParseFiles>True</ParseFiles>
      <SourceControlFiles>True</SourceControlFiles>
    </Filter>
    <Filter Include="Header Files">
      <UniqueIdentifier>{b9156958-6de6-4133-b001-791a39cd1c31}</UniqueIdentifier>
      <Extensions>h;H;hpp;hxx;h++</Extensions>
      <ParseFiles>True</ParseFiles>
      <SourceControlFiles>True</SourceControlFiles>
    </Filter>
    <Filter Include="Form Files">
      <UniqueIdentifier>{9d0f9721-453b-4b7b-a4dc-8d8e719efeca}</UniqueIdentifier>
      <Extensions>ui</Extensions>
      <ParseFiles>True</ParseFiles>
      <SourceControlFiles>True</SourceControlFiles>
    </Filter>
    <Filter Include="Resource Files">
      <UniqueIdentifier>{4b90e61c-98c4-4841-841b-f5462ce42a15}</UniqueIdentifier>
      <Extensions>qrc;rc;*</Extensions>
      <ParseFiles>False</ParseFiles>
      <SourceControlFiles>True</SourceControlFiles>
    </Filter>
    <Filter Include="Generated Files">
      <UniqueIdentifier>{0b2e5255-35dd-4452-af67-182b41a742cd}</UniqueIdentifier>
      <Extensions>moc</Extensions>
      <ParseFiles>True</ParseFiles>
      <SourceControlFiles>False</SourceControlFiles>
    </Filter>
    <Filter Include="Translation Files">
      <UniqueIdentifier>{900307b7-5fe2-4be3-a7e2-61a1070b90c7}</UniqueIdentifier>
      <Extensions>ts</Extensions>
      <ParseFiles>False</ParseFiles>
      <SourceControlFiles>True</SourceControlFiles>
    </Filter>
  </ItemGroup>
  <ItemGroup>
    <None Include="$(ProjectDir)src/plugins/rpmap/rpmap.qbs" />
    <None Include="$(ProjectDir)src/plugins/rpmap/plugin.json" />
    <None Include="$(ProjectDir)src/plugins/rpmap/rpmap_global.h">
      <Filter>Header Files</Filter>
    </None>
    <None Include="$(ProjectDir)src/plugins/rpmap/rpmapplugin.cpp">
      <Filter>Source Files</Filter>
    </None>
    <None Include="$(ProjectDir)src/plugins/rpmap/rpmapplugin.h">
      <Filter>Header Files</Filter>
    </None>
  </ItemGroup>
</Project>