<?xml version="1.0" encoding="utf-8"?>
<Project ToolsVersion="4.0" xmlns="http://schemas.microsoft.com/developer/msbuild/2003">
  <ItemGroup>
    <Filter Include="Source Files">
      <UniqueIdentifier>{c049f6a5-90f9-466b-b3db-3626bb382c89}</UniqueIdentifier>
      <Extensions>c;C;cpp;cxx;c++;cc;cs;def;java;m;mm</Extensions>
      <ParseFiles>True</ParseFiles>
      <SourceControlFiles>True</SourceControlFiles>
    </Filter>
    <Filter Include="Header Files">
      <UniqueIdentifier>{aa0897c2-d93d-4a4c-ae10-07fd25457571}</UniqueIdentifier>
      <Extensions>h;H;hpp;hxx;h++</Extensions>
      <ParseFiles>True</ParseFiles>
      <SourceControlFiles>True</SourceControlFiles>
    </Filter>
    <Filter Include="Form Files">
      <UniqueIdentifier>{55166dbe-0f6c-4901-bb5d-20fb6b393f0b}</UniqueIdentifier>
      <Extensions>ui</Extensions>
      <ParseFiles>True</ParseFiles>
      <SourceControlFiles>True</SourceControlFiles>
    </Filter>
    <Filter Include="Resource Files">
      <UniqueIdentifier>{aa9bfcbd-51fe-4cbd-aed8-fa5a10c22875}</UniqueIdentifier>
      <Extensions>qrc;rc;*</Extensions>
      <ParseFiles>False</ParseFiles>
      <SourceControlFiles>True</SourceControlFiles>
    </Filter>
    <Filter Include="Generated Files">
      <UniqueIdentifier>{5b963745-0d3a-4074-8c0d-64fdc5e03e26}</UniqueIdentifier>
      <Extensions>moc</Extensions>
      <ParseFiles>True</ParseFiles>
      <SourceControlFiles>False</SourceControlFiles>
    </Filter>
    <Filter Include="Translation Files">
      <UniqueIdentifier>{f9a9d963-462d-44a5-b4bf-7d43739f1ba8}</UniqueIdentifier>
      <Extensions>ts</Extensions>
      <ParseFiles>False</ParseFiles>
      <SourceControlFiles>True</SourceControlFiles>
    </Filter>
  </ItemGroup>
  <ItemGroup>
    <None Include="$(ProjectDir)src/plugins/tbin/tbin.qbs" />
    <None Include="$(ProjectDir)src/plugins/tbin/plugin.json" />
  </ItemGroup>
  <ItemGroup>
    <ClInclude Include="$(ProjectDir)src/plugins/tbin/tbin/FakeSfml.hpp">
      <Filter>Header Files</Filter>
    </ClInclude>
    <ClInclude Include="$(ProjectDir)src/plugins/tbin/tbin/Layer.hpp">
      <Filter>Header Files</Filter>
    </ClInclude>
    <ClInclude Include="$(ProjectDir)src/plugins/tbin/tbin/Map.hpp">
      <Filter>Header Files</Filter>
    </ClInclude>
    <ClInclude Include="$(ProjectDir)src/plugins/tbin/tbin/PropertyValue.hpp">
      <Filter>Header Files</Filter>
    </ClInclude>
    <ClInclude Include="$(ProjectDir)src/plugins/tbin/tbin/Tile.hpp">
      <Filter>Header Files</Filter>
    </ClInclude>
    <ClInclude Include="$(ProjectDir)src/plugins/tbin/tbin/TileSheet.hpp">
      <Filter>Header Files</Filter>
    </ClInclude>
    <ClInclude Include="$(ProjectDir)src/plugins/tbin/tbin_global.h">
      <Filter>Header Files</Filter>
    </ClInclude>
    <ClInclude Include="$(ProjectDir)src/plugins/tbin/tbinplugin.h">
      <Filter>Header Files</Filter>
    </ClInclude>
  </ItemGroup>
  <ItemGroup>
    <ClCompile Include="$(ProjectDir)src/plugins/tbin/tbin/Map.cpp">
      <Filter>Source Files</Filter>
    </ClCompile>
    <ClCompile Include="$(ProjectDir)src/plugins/tbin/tbinplugin.cpp">
      <Filter>Source Files</Filter>
    </ClCompile>
  </ItemGroup>
</Project>