<?xml version="1.0" encoding="utf-8"?>
<Project ToolsVersion="4.0" xmlns="http://schemas.microsoft.com/developer/msbuild/2003">
  <ItemGroup>
    <Filter Include="Source Files">
      <UniqueIdentifier>{a0059a8a-fb58-41a6-8c2a-b3ca95191d4a}</UniqueIdentifier>
      <Extensions>c;C;cpp;cxx;c++;cc;cs;def;java;m;mm</Extensions>
      <ParseFiles>True</ParseFiles>
      <SourceControlFiles>True</SourceControlFiles>
    </Filter>
    <Filter Include="Header Files">
      <UniqueIdentifier>{58bf071a-954e-4753-980f-58540e3fa6bf}</UniqueIdentifier>
      <Extensions>h;H;hpp;hxx;h++</Extensions>
      <ParseFiles>True</ParseFiles>
      <SourceControlFiles>True</SourceControlFiles>
    </Filter>
    <Filter Include="Form Files">
      <UniqueIdentifier>{5b084779-3b47-4808-ad94-8ebdbb9c3142}</UniqueIdentifier>
      <Extensions>ui</Extensions>
      <ParseFiles>True</ParseFiles>
      <SourceControlFiles>True</SourceControlFiles>
    </Filter>
    <Filter Include="Resource Files">
      <UniqueIdentifier>{ab48c2a1-caff-4ddd-8d41-ffae260f395b}</UniqueIdentifier>
      <Extensions>qrc;rc;*</Extensions>
      <ParseFiles>False</ParseFiles>
      <SourceControlFiles>True</SourceControlFiles>
    </Filter>
    <Filter Include="Generated Files">
      <UniqueIdentifier>{0be3e2d4-1933-46ac-a70d-d68913757343}</UniqueIdentifier>
      <Extensions>moc</Extensions>
      <ParseFiles>True</ParseFiles>
      <SourceControlFiles>False</SourceControlFiles>
    </Filter>
    <Filter Include="Translation Files">
      <UniqueIdentifier>{b5a6121d-e4c7-4c76-b62a-ff0b9cc9ce4d}</UniqueIdentifier>
      <Extensions>ts</Extensions>
      <ParseFiles>False</ParseFiles>
      <SourceControlFiles>True</SourceControlFiles>
    </Filter>
  </ItemGroup>
  <ItemGroup>
    <ClCompile Include="$(ProjectDir)src/terraingenerator/main.cpp">
      <Filter>Source Files</Filter>
    </ClCompile>
  </ItemGroup>
  <ItemGroup>
    <None Include="$(ProjectDir)src/terraingenerator/terraingenerator.qbs" />
  </ItemGroup>
</Project>