Microsoft Visual Studio Solution File, Format Version 12.00
# Visual Studio Version 16
VisualStudioVersion = 16.0.33130.400
MinimumVisualStudioVersion = 10.0.40219.1
Project("{8BC9CEB8-8B4A-11D0-8D11-00A0C91BC942}") = "qbs-generate", "qbs-generate.vcxproj", "{EA43CF3F-C0DF-4773-8E63-D76A37CE3195}"
EndProject
Project("{8BC9CEB8-8B4A-11D0-8D11-00A0C91BC942}") = "csv", "csv.vcxproj", "{5A1E58E2-A6E2-4189-96A5-71F19703A38E}"
	ProjectSection(ProjectDependencies) = postProject
		{719BEEF9-5FAA-4062-B395-55CDACA39667} = {719BEEF9-5FAA-4062-B395-55CDACA39667}
	EndProjectSection
EndProject
Project("{8BC9CEB8-8B4A-11D0-8D11-00A0C91BC942}") = "defold", "defold.vcxproj", "{323B67BF-D20D-47D7-AF9F-22CF9413AC3A}"
	ProjectSection(ProjectDependencies) = postProject
		{719BEEF9-5FAA-4062-B395-55CDACA39667} = {719BEEF9-5FAA-4062-B395-55CDACA39667}
	EndProjectSection
EndProject
Project("{8BC9CEB8-8B4A-11D0-8D11-00A0C91BC942}") = "defoldcollection", "defoldcollection.vcxproj", "{FE02A5D9-69A1-4806-9585-A6900B32D99A}"
	ProjectSection(ProjectDependencies) = postProject
		{719BEEF9-5FAA-4062-B395-55CDACA39667} = {719BEEF9-5FAA-4062-B395-55CDACA39667}
	EndProjectSection
EndProject
Project("{8BC9CEB8-8B4A-11D0-8D11-00A0C91BC942}") = "droidcraft", "droidcraft.vcxproj", "{A3ED8F70-069A-4017-8DDE-F529D6ECC14E}"
	ProjectSection(ProjectDependencies) = postProject
		{719BEEF9-5FAA-4062-B395-55CDACA39667} = {719BEEF9-5FAA-4062-B395-55CDACA39667}
	EndProjectSection
EndProject
Project("{8BC9CEB8-8B4A-11D0-8D11-00A0C91BC942}") = "flare", "flare.vcxproj", "{C2B90BCB-A7E7-4F47-8136-10EAEE417A76}"
	ProjectSection(ProjectDependencies) = postProject
		{719BEEF9-5FAA-4062-B395-55CDACA39667} = {719BEEF9-5FAA-4062-B395-55CDACA39667}
	EndProjectSection
EndProject
Project("{8BC9CEB8-8B4A-11D0-8D11-00A0C91BC942}") = "gmx", "gmx.vcxproj", "{261DEF48-BABB-44DE-A605-8A26545D0D4A}"
	ProjectSection(ProjectDependencies) = postProject
		{719BEEF9-5FAA-4062-B395-55CDACA39667} = {719BEEF9-5FAA-4062-B395-55CDACA39667}
	EndProjectSection
EndProject
Project("{8BC9CEB8-8B4A-11D0-8D11-00A0C91BC942}") = "json", "json.vcxproj", "{83CFBED5-22B8-472B-BCAE-C46DCB248F8A}"
	ProjectSection(ProjectDependencies) = postProject
		{719BEEF9-5FAA-4062-B395-55CDACA39667} = {719BEEF9-5FAA-4062-B395-55CDACA39667}
	EndProjectSection
EndProject
Project("{8BC9CEB8-8B4A-11D0-8D11-00A0C91BC942}") = "json1", "json1.vcxproj", "{89DB1D89-CC9A-4D44-8B72-6C20FB5DF59D}"
	ProjectSection(ProjectDependencies) = postProject
		{719BEEF9-5FAA-4062-B395-55CDACA39667} = {719BEEF9-5FAA-4062-B395-55CDACA39667}
	EndProjectSection
EndProject
Project("{8BC9CEB8-8B4A-11D0-8D11-00A0C91BC942}") = "lua", "lua.vcxproj", "{E9613E24-FD93-4E59-9C04-7410B79F6AAB}"
	ProjectSection(ProjectDependencies) = postProject
		{719BEEF9-5FAA-4062-B395-55CDACA39667} = {719BEEF9-5FAA-4062-B395-55CDACA39667}
	EndProjectSection
EndProject
Project("{8BC9CEB8-8B4A-11D0-8D11-00A0C91BC942}") = "python", "python.vcxproj", "{0E4D2A0B-A203-4332-9EFA-534D84527DF8}"
	ProjectSection(ProjectDependencies) = postProject
		{719BEEF9-5FAA-4062-B395-55CDACA39667} = {719BEEF9-5FAA-4062-B395-55CDACA39667}
	EndProjectSection
EndProject
Project("{8BC9CEB8-8B4A-11D0-8D11-00A0C91BC942}") = "replicaisland", "replicaisland.vcxproj", "{7C9699E7-EA5C-4460-AE0D-FD29C941E48D}"
	ProjectSection(ProjectDependencies) = postProject
		{719BEEF9-5FAA-4062-B395-55CDACA39667} = {719BEEF9-5FAA-4062-B395-55CDACA39667}
	EndProjectSection
EndProject
Project("{8BC9CEB8-8B4A-11D0-8D11-00A0C91BC942}") = "rpmap", "rpmap.vcxproj", "{938D2EC8-7C19-4665-8957-F5C1B8AC496E}"
	ProjectSection(ProjectDependencies) = postProject
		{719BEEF9-5FAA-4062-B395-55CDACA39667} = {719BEEF9-5FAA-4062-B395-55CDACA39667}
	EndProjectSection
EndProject
Project("{8BC9CEB8-8B4A-11D0-8D11-00A0C91BC942}") = "tbin", "tbin.vcxproj", "{D86E1597-23C7-47B6-BCE9-633E33180895}"
	ProjectSection(ProjectDependencies) = postProject
		{719BEEF9-5FAA-4062-B395-55CDACA39667} = {719BEEF9-5FAA-4062-B395-55CDACA39667}
	EndProjectSection
EndProject
Project("{8BC9CEB8-8B4A-11D0-8D11-00A0C91BC942}") = "tengine", "tengine.vcxproj", "{33C50877-347B-4985-AC0A-CE8BCA117AAA}"
	ProjectSection(ProjectDependencies) = postProject
		{719BEEF9-5FAA-4062-B395-55CDACA39667} = {719BEEF9-5FAA-4062-B395-55CDACA39667}
	EndProjectSection
EndProject
Project("{8BC9CEB8-8B4A-11D0-8D11-00A0C91BC942}") = "tscn", "tscn.vcxproj", "{88AD0DD9-CFB5-4698-9923-C19467FC7AB4}"
	ProjectSection(ProjectDependencies) = postProject
		{719BEEF9-5FAA-4062-B395-55CDACA39667} = {719BEEF9-5FAA-4062-B395-55CDACA39667}
	EndProjectSection
EndProject
Project("{8BC9CEB8-8B4A-11D0-8D11-00A0C91BC942}") = "yy", "yy.vcxproj", "{CE815AF3-2C4B-4E28-A821-B5755580380B}"
	ProjectSection(ProjectDependencies) = postProject
		{719BEEF9-5FAA-4062-B395-55CDACA39667} = {719BEEF9-5FAA-4062-B395-55CDACA39667}
	EndProjectSection
EndProject
Project("{8BC9CEB8-8B4A-11D0-8D11-00A0C91BC942}") = "test_automapping", "test_automapping.vcxproj", "{87CF0A43-8A40-4223-99E7-C39BD0EF9095}"
	ProjectSection(ProjectDependencies) = postProject
		{719BEEF9-5FAA-4062-B395-55CDACA39667} = {719BEEF9-5FAA-4062-B395-55CDACA39667}
		{FCB7E115-DA2D-4A8C-A059-E698A9ED4276} = {FCB7E115-DA2D-4A8C-A059-E698A9ED4276}
		{F365112C-B560-439B-8872-BDF19C734F83} = {F365112C-B560-439B-8872-BDF19C734F83}
	EndProjectSection
EndProject
Project("{8BC9CEB8-8B4A-11D0-8D11-00A0C91BC942}") = "test_mapreader", "test_mapreader.vcxproj", "{B5D807BB-EDF7-4C66-A282-A26C154E0046}"
	ProjectSection(ProjectDependencies) = postProject
		{719BEEF9-5FAA-4062-B395-55CDACA39667} = {719BEEF9-5FAA-4062-B395-55CDACA39667}
	EndProjectSection
EndProject
Project("{8BC9CEB8-8B4A-11D0-8D11-00A0C91BC942}") = "test_properties", "test_properties.vcxproj", "{1DF9C581-FFDF-40BD-A818-957D43AF3214}"
	ProjectSection(ProjectDependencies) = postProject
		{719BEEF9-5FAA-4062-B395-55CDACA39667} = {719BEEF9-5FAA-4062-B395-55CDACA39667}
	EndProjectSection
EndProject
Project("{8BC9CEB8-8B4A-11D0-8D11-00A0C91BC942}") = "test_staggeredrenderer", "test_staggeredrenderer.vcxproj", "{C13F8AD2-B19E-4786-A4CA-28124EB83EC1}"
	ProjectSection(ProjectDependencies) = postProject
		{719BEEF9-5FAA-4062-B395-55CDACA39667} = {719BEEF9-5FAA-4062-B395-55CDACA39667}
	EndProjectSection
EndProject
Project("{8BC9CEB8-8B4A-11D0-8D11-00A0C91BC942}") = "archive", "archive.vcxproj", "{24ACF24C-C36A-4237-B210-884513064647}"
	ProjectSection(ProjectDependencies) = postProject
		{5A1E58E2-A6E2-4189-96A5-71F19703A38E} = {5A1E58E2-A6E2-4189-96A5-71F19703A38E}
		{323B67BF-D20D-47D7-AF9F-22CF9413AC3A} = {323B67BF-D20D-47D7-AF9F-22CF9413AC3A}
		{FE02A5D9-69A1-4806-9585-A6900B32D99A} = {FE02A5D9-69A1-4806-9585-A6900B32D99A}
		{347DE3EB-201B-4607-8433-65EBE9EA0DA6} = {347DE3EB-201B-4607-8433-65EBE9EA0DA6}
		{A3ED8F70-069A-4017-8DDE-F529D6ECC14E} = {A3ED8F70-069A-4017-8DDE-F529D6ECC14E}
		{C2B90BCB-A7E7-4F47-8136-10EAEE417A76} = {C2B90BCB-A7E7-4F47-8136-10EAEE417A76}
		{261DEF48-BABB-44DE-A605-8A26545D0D4A} = {261DEF48-BABB-44DE-A605-8A26545D0D4A}
		{83CFBED5-22B8-472B-BCAE-C46DCB248F8A} = {83CFBED5-22B8-472B-BCAE-C46DCB248F8A}
		{89DB1D89-CC9A-4D44-8B72-6C20FB5DF59D} = {89DB1D89-CC9A-4D44-8B72-6C20FB5DF59D}
		{719BEEF9-5FAA-4062-B395-55CDACA39667} = {719BEEF9-5FAA-4062-B395-55CDACA39667}
		{FCB7E115-DA2D-4A8C-A059-E698A9ED4276} = {FCB7E115-DA2D-4A8C-A059-E698A9ED4276}
		{14C45D48-70B4-47E9-8FDD-3D2A308EE705} = {14C45D48-70B4-47E9-8FDD-3D2A308EE705}
		{E9613E24-FD93-4E59-9C04-7410B79F6AAB} = {E9613E24-FD93-4E59-9C04-7410B79F6AAB}
		{0E4D2A0B-A203-4332-9EFA-534D84527DF8} = {0E4D2A0B-A203-4332-9EFA-534D84527DF8}
		{C07B8CA1-C719-45D9-8717-6E13EE2A7394} = {C07B8CA1-C719-45D9-8717-6E13EE2A7394}
		{F365112C-B560-439B-8872-BDF19C734F83} = {F365112C-B560-439B-8872-BDF19C734F83}
		{7C9699E7-EA5C-4460-AE0D-FD29C941E48D} = {7C9699E7-EA5C-4460-AE0D-FD29C941E48D}
		{D86E1597-23C7-47B6-BCE9-633E33180895} = {D86E1597-23C7-47B6-BCE9-633E33180895}
		{33C50877-347B-4985-AC0A-CE8BCA117AAA} = {33C50877-347B-4985-AC0A-CE8BCA117AAA}
		{0C7AE900-4122-4F87-BD70-C465870C14E0} = {0C7AE900-4122-4F87-BD70-C465870C14E0}
		{87CF0A43-8A40-4223-99E7-C39BD0EF9095} = {87CF0A43-8A40-4223-99E7-C39BD0EF9095}
		{B5D807BB-EDF7-4C66-A282-A26C154E0046} = {B5D807BB-EDF7-4C66-A282-A26C154E0046}
		{1DF9C581-FFDF-40BD-A818-957D43AF3214} = {1DF9C581-FFDF-40BD-A818-957D43AF3214}
		{C13F8AD2-B19E-4786-A4CA-28124EB83EC1} = {C13F8AD2-B19E-4786-A4CA-28124EB83EC1}
		{37E3CFBB-B740-430B-9880-9305A098FBE5} = {37E3CFBB-B740-430B-9880-9305A098FBE5}
		{72206EE7-E37C-4B30-8B99-67D27ECA4016} = {72206EE7-E37C-4B30-8B99-67D27ECA4016}
		{E2ECE25F-EA7D-4359-8B47-D66CB26B436E} = {E2ECE25F-EA7D-4359-8B47-D66CB26B436E}
		{2B761209-CF3F-4904-9C54-ADBFB62255A9} = {2B761209-CF3F-4904-9C54-ADBFB62255A9}
		{339AC299-3B12-4398-9AEF-A6E4F9C719C9} = {339AC299-3B12-4398-9AEF-A6E4F9C719C9}
		{EC392AA8-627C-4C25-898B-294DCF45C55C} = {EC392AA8-627C-4C25-898B-294DCF45C55C}
		{88AD0DD9-CFB5-4698-9923-C19467FC7AB4} = {88AD0DD9-CFB5-4698-9923-C19467FC7AB4}
		{CE815AF3-2C4B-4E28-A821-B5755580380B} = {CE815AF3-2C4B-4E28-A821-B5755580380B}
	EndProjectSection
EndProject
Project("{8BC9CEB8-8B4A-11D0-8D11-00A0C91BC942}") = "distribute", "distribute.vcxproj", "{347DE3EB-201B-4607-8433-65EBE9EA0DA6}"
EndProject
Project("{8BC9CEB8-8B4A-11D0-8D11-00A0C91BC942}") = "docs", "docs.vcxproj", "{B37BD67C-BBB6-4BE4-AEE1-13A16D24B1A4}"
EndProject
Project("{8BC9CEB8-8B4A-11D0-8D11-00A0C91BC942}") = "installer", "installer.vcxproj", "{7FA19EAB-FA92-4500-81C7-8E67E8553ACC}"
	ProjectSection(ProjectDependencies) = postProject
		{5A1E58E2-A6E2-4189-96A5-71F19703A38E} = {5A1E58E2-A6E2-4189-96A5-71F19703A38E}
		{323B67BF-D20D-47D7-AF9F-22CF9413AC3A} = {323B67BF-D20D-47D7-AF9F-22CF9413AC3A}
		{FE02A5D9-69A1-4806-9585-A6900B32D99A} = {FE02A5D9-69A1-4806-9585-A6900B32D99A}
		{A3ED8F70-069A-4017-8DDE-F529D6ECC14E} = {A3ED8F70-069A-4017-8DDE-F529D6ECC14E}
		{C2B90BCB-A7E7-4F47-8136-10EAEE417A76} = {C2B90BCB-A7E7-4F47-8136-10EAEE417A76}
		{261DEF48-BABB-44DE-A605-8A26545D0D4A} = {261DEF48-BABB-44DE-A605-8A26545D0D4A}
		{83CFBED5-22B8-472B-BCAE-C46DCB248F8A} = {83CFBED5-22B8-472B-BCAE-C46DCB248F8A}
		{89DB1D89-CC9A-4D44-8B72-6C20FB5DF59D} = {89DB1D89-CC9A-4D44-8B72-6C20FB5DF59D}
		{719BEEF9-5FAA-4062-B395-55CDACA39667} = {719BEEF9-5FAA-4062-B395-55CDACA39667}
		{FCB7E115-DA2D-4A8C-A059-E698A9ED4276} = {FCB7E115-DA2D-4A8C-A059-E698A9ED4276}
		{14C45D48-70B4-47E9-8FDD-3D2A308EE705} = {14C45D48-70B4-47E9-8FDD-3D2A308EE705}
		{E9613E24-FD93-4E59-9C04-7410B79F6AAB} = {E9613E24-FD93-4E59-9C04-7410B79F6AAB}
		{0E4D2A0B-A203-4332-9EFA-534D84527DF8} = {0E4D2A0B-A203-4332-9EFA-534D84527DF8}
		{F365112C-B560-439B-8872-BDF19C734F83} = {F365112C-B560-439B-8872-BDF19C734F83}
		{7C9699E7-EA5C-4460-AE0D-FD29C941E48D} = {7C9699E7-EA5C-4460-AE0D-FD29C941E48D}
		{D86E1597-23C7-47B6-BCE9-633E33180895} = {D86E1597-23C7-47B6-BCE9-633E33180895}
		{33C50877-347B-4985-AC0A-CE8BCA117AAA} = {33C50877-347B-4985-AC0A-CE8BCA117AAA}
		{0C7AE900-4122-4F87-BD70-C465870C14E0} = {0C7AE900-4122-4F87-BD70-C465870C14E0}
		{87CF0A43-8A40-4223-99E7-C39BD0EF9095} = {87CF0A43-8A40-4223-99E7-C39BD0EF9095}
		{B5D807BB-EDF7-4C66-A282-A26C154E0046} = {B5D807BB-EDF7-4C66-A282-A26C154E0046}
		{1DF9C581-FFDF-40BD-A818-957D43AF3214} = {1DF9C581-FFDF-40BD-A818-957D43AF3214}
		{C13F8AD2-B19E-4786-A4CA-28124EB83EC1} = {C13F8AD2-B19E-4786-A4CA-28124EB83EC1}
		{37E3CFBB-B740-430B-9880-9305A098FBE5} = {37E3CFBB-B740-430B-9880-9305A098FBE5}
		{72206EE7-E37C-4B30-8B99-67D27ECA4016} = {72206EE7-E37C-4B30-8B99-67D27ECA4016}
		{E2ECE25F-EA7D-4359-8B47-D66CB26B436E} = {E2ECE25F-EA7D-4359-8B47-D66CB26B436E}
		{2B761209-CF3F-4904-9C54-ADBFB62255A9} = {2B761209-CF3F-4904-9C54-ADBFB62255A9}
		{339AC299-3B12-4398-9AEF-A6E4F9C719C9} = {339AC299-3B12-4398-9AEF-A6E4F9C719C9}
		{88AD0DD9-CFB5-4698-9923-C19467FC7AB4} = {88AD0DD9-CFB5-4698-9923-C19467FC7AB4}
		{CE815AF3-2C4B-4E28-A821-B5755580380B} = {CE815AF3-2C4B-4E28-A821-B5755580380B}
	EndProjectSection
EndProject
Project("{8BC9CEB8-8B4A-11D0-8D11-00A0C91BC942}") = "karchive", "karchive.vcxproj", "{50D2C706-ADA1-461F-A419-D1B3F796B0AE}"
EndProject
Project("{8BC9CEB8-8B4A-11D0-8D11-00A0C91BC942}") = "libtiled", "libtiled.vcxproj", "{719BEEF9-5FAA-4062-B395-55CDACA39667}"
EndProject
Project("{8BC9CEB8-8B4A-11D0-8D11-00A0C91BC942}") = "libtilededitor", "libtilededitor.vcxproj", "{FCB7E115-DA2D-4A8C-A059-E698A9ED4276}"
	ProjectSection(ProjectDependencies) = postProject
		{719BEEF9-5FAA-4062-B395-55CDACA39667} = {719BEEF9-5FAA-4062-B395-55CDACA39667}
		{C07B8CA1-C719-45D9-8717-6E13EE2A7394} = {C07B8CA1-C719-45D9-8717-6E13EE2A7394}
		{F365112C-B560-439B-8872-BDF19C734F83} = {F365112C-B560-439B-8872-BDF19C734F83}
		{EC392AA8-627C-4C25-898B-294DCF45C55C} = {EC392AA8-627C-4C25-898B-294DCF45C55C}
	EndProjectSection
EndProject
Project("{8BC9CEB8-8B4A-11D0-8D11-00A0C91BC942}") = "libtiledquick", "libtiledquick.vcxproj", "{14C45D48-70B4-47E9-8FDD-3D2A308EE705}"
	ProjectSection(ProjectDependencies) = postProject
		{719BEEF9-5FAA-4062-B395-55CDACA39667} = {719BEEF9-5FAA-4062-B395-55CDACA39667}
	EndProjectSection
EndProject
Project("{8BC9CEB8-8B4A-11D0-8D11-00A0C91BC942}") = "qtpropertybrowser", "qtpropertybrowser.vcxproj", "{C07B8CA1-C719-45D9-8717-6E13EE2A7394}"
EndProject
Project("{8BC9CEB8-8B4A-11D0-8D11-00A0C91BC942}") = "qtsingleapplication", "qtsingleapplication.vcxproj", "{F365112C-B560-439B-8872-BDF19C734F83}"
EndProject
Project("{8BC9CEB8-8B4A-11D0-8D11-00A0C91BC942}") = "terraingenerator", "terraingenerator.vcxproj", "{0C7AE900-4122-4F87-BD70-C465870C14E0}"
	ProjectSection(ProjectDependencies) = postProject
		{719BEEF9-5FAA-4062-B395-55CDACA39667} = {719BEEF9-5FAA-4062-B395-55CDACA39667}
	EndProjectSection
EndProject
Project("{8BC9CEB8-8B4A-11D0-8D11-00A0C91BC942}") = "tiled", "tiled.vcxproj", "{37E3CFBB-B740-430B-9880-9305A098FBE5}"
	ProjectSection(ProjectDependencies) = postProject
		{719BEEF9-5FAA-4062-B395-55CDACA39667} = {719BEEF9-5FAA-4062-B395-55CDACA39667}
		{FCB7E115-DA2D-4A8C-A059-E698A9ED4276} = {FCB7E115-DA2D-4A8C-A059-E698A9ED4276}
		{F365112C-B560-439B-8872-BDF19C734F83} = {F365112C-B560-439B-8872-BDF19C734F83}
	EndProjectSection
EndProject
Project("{8BC9CEB8-8B4A-11D0-8D11-00A0C91BC942}") = "tiledquick", "tiledquick.vcxproj", "{72206EE7-E37C-4B30-8B99-67D27ECA4016}"
	ProjectSection(ProjectDependencies) = postProject
		{E2ECE25F-EA7D-4359-8B47-D66CB26B436E} = {E2ECE25F-EA7D-4359-8B47-D66CB26B436E}
	EndProjectSection
EndProject
Project("{8BC9CEB8-8B4A-11D0-8D11-00A0C91BC942}") = "tiledquickplugin", "tiledquickplugin.vcxproj", "{E2ECE25F-EA7D-4359-8B47-D66CB26B436E}"
	ProjectSection(ProjectDependencies) = postProject
		{719BEEF9-5FAA-4062-B395-55CDACA39667} = {719BEEF9-5FAA-4062-B395-55CDACA39667}
		{14C45D48-70B4-47E9-8FDD-3D2A308EE705} = {14C45D48-70B4-47E9-8FDD-3D2A308EE705}
	EndProjectSection
EndProject
Project("{8BC9CEB8-8B4A-11D0-8D11-00A0C91BC942}") = "tmxrasterizer", "tmxrasterizer.vcxproj", "{2B761209-CF3F-4904-9C54-ADBFB62255A9}"
	ProjectSection(ProjectDependencies) = postProject
		{719BEEF9-5FAA-4062-B395-55CDACA39667} = {719BEEF9-5FAA-4062-B395-55CDACA39667}
	EndProjectSection
EndProject
Project("{8BC9CEB8-8B4A-11D0-8D11-00A0C91BC942}") = "tmxviewer", "tmxviewer.vcxproj", "{339AC299-3B12-4398-9AEF-A6E4F9C719C9}"
	ProjectSection(ProjectDependencies) = postProject
		{719BEEF9-5FAA-4062-B395-55CDACA39667} = {719BEEF9-5FAA-4062-B395-55CDACA39667}
	EndProjectSection
EndProject
Project("{8BC9CEB8-8B4A-11D0-8D11-00A0C91BC942}") = "translations", "translations.vcxproj", "{EC392AA8-627C-4C25-898B-294DCF45C55C}"
EndProject
Project("{2150E333-8FDC-42A3-9474-1A3956D46DE8}") = "Tiled", "Tiled", "{EAA99D17-C073-44EF-A0A9-84EC66CF4D41}"
EndProject
Project("{2150E333-8FDC-42A3-9474-1A3956D46DE8}") = "plugins", "plugins", "{01F10CBD-C711-40CE-87CB-81759E16FA43}"
EndProject
Project("{2150E333-8FDC-42A3-9474-1A3956D46DE8}") = "tests", "tests", "{370AC5F0-8211-4ABD-8581-C667AA16D468}"
EndProject
Global
	GlobalSection(SolutionConfigurationPlatforms) = preSolution
		release|Win32 = release|Win32
		release|x64 = release|x64
	EndGlobalSection
	GlobalSection(ProjectConfigurationPlatforms) = postSolution
		{EA43CF3F-C0DF-4773-8E63-D76A37CE3195}.release|Win32.ActiveCfg = release|Win32
		{EA43CF3F-C0DF-4773-8E63-D76A37CE3195}.release|Win32.Build.0 = release|Win32
		{EA43CF3F-C0DF-4773-8E63-D76A37CE3195}.release|x64.ActiveCfg = release|x64
		{EA43CF3F-C0DF-4773-8E63-D76A37CE3195}.release|x64.Build.0 = release|x64
		{5A1E58E2-A6E2-4189-96A5-71F19703A38E}.release|Win32.ActiveCfg = release|Win32
		{5A1E58E2-A6E2-4189-96A5-71F19703A38E}.release|Win32.Build.0 = release|Win32
		{5A1E58E2-A6E2-4189-96A5-71F19703A38E}.release|x64.ActiveCfg = release|x64
		{5A1E58E2-A6E2-4189-96A5-71F19703A38E}.release|x64.Build.0 = release|x64
		{323B67BF-D20D-47D7-AF9F-22CF9413AC3A}.release|Win32.ActiveCfg = release|Win32
		{323B67BF-D20D-47D7-AF9F-22CF9413AC3A}.release|Win32.Build.0 = release|Win32
		{323B67BF-D20D-47D7-AF9F-22CF9413AC3A}.release|x64.ActiveCfg = release|x64
		{323B67BF-D20D-47D7-AF9F-22CF9413AC3A}.release|x64.Build.0 = release|x64
		{FE02A5D9-69A1-4806-9585-A6900B32D99A}.release|Win32.ActiveCfg = release|Win32
		{FE02A5D9-69A1-4806-9585-A6900B32D99A}.release|Win32.Build.0 = release|Win32
		{FE02A5D9-69A1-4806-9585-A6900B32D99A}.release|x64.ActiveCfg = release|x64
		{FE02A5D9-69A1-4806-9585-A6900B32D99A}.release|x64.Build.0 = release|x64
		{A3ED8F70-069A-4017-8DDE-F529D6ECC14E}.release|Win32.ActiveCfg = release|Win32
		{A3ED8F70-069A-4017-8DDE-F529D6ECC14E}.release|Win32.Build.0 = release|Win32
		{A3ED8F70-069A-4017-8DDE-F529D6ECC14E}.release|x64.ActiveCfg = release|x64
		{A3ED8F70-069A-4017-8DDE-F529D6ECC14E}.release|x64.Build.0 = release|x64
		{C2B90BCB-A7E7-4F47-8136-10EAEE417A76}.release|Win32.ActiveCfg = release|Win32
		{C2B90BCB-A7E7-4F47-8136-10EAEE417A76}.release|Win32.Build.0 = release|Win32
		{C2B90BCB-A7E7-4F47-8136-10EAEE417A76}.release|x64.ActiveCfg = release|x64
		{C2B90BCB-A7E7-4F47-8136-10EAEE417A76}.release|x64.Build.0 = release|x64
		{261DEF48-BABB-44DE-A605-8A26545D0D4A}.release|Win32.ActiveCfg = release|Win32
		{261DEF48-BABB-44DE-A605-8A26545D0D4A}.release|Win32.Build.0 = release|Win32
		{261DEF48-BABB-44DE-A605-8A26545D0D4A}.release|x64.ActiveCfg = release|x64
		{261DEF48-BABB-44DE-A605-8A26545D0D4A}.release|x64.Build.0 = release|x64
		{83CFBED5-22B8-472B-BCAE-C46DCB248F8A}.release|Win32.ActiveCfg = release|Win32
		{83CFBED5-22B8-472B-BCAE-C46DCB248F8A}.release|Win32.Build.0 = release|Win32
		{83CFBED5-22B8-472B-BCAE-C46DCB248F8A}.release|x64.ActiveCfg = release|x64
		{83CFBED5-22B8-472B-BCAE-C46DCB248F8A}.release|x64.Build.0 = release|x64
		{89DB1D89-CC9A-4D44-8B72-6C20FB5DF59D}.release|Win32.ActiveCfg = release|Win32
		{89DB1D89-CC9A-4D44-8B72-6C20FB5DF59D}.release|Win32.Build.0 = release|Win32
		{89DB1D89-CC9A-4D44-8B72-6C20FB5DF59D}.release|x64.ActiveCfg = release|x64
		{89DB1D89-CC9A-4D44-8B72-6C20FB5DF59D}.release|x64.Build.0 = release|x64
		{E9613E24-FD93-4E59-9C04-7410B79F6AAB}.release|Win32.ActiveCfg = release|Win32
		{E9613E24-FD93-4E59-9C04-7410B79F6AAB}.release|Win32.Build.0 = release|Win32
		{E9613E24-FD93-4E59-9C04-7410B79F6AAB}.release|x64.ActiveCfg = release|x64
		{E9613E24-FD93-4E59-9C04-7410B79F6AAB}.release|x64.Build.0 = release|x64
		{0E4D2A0B-A203-4332-9EFA-534D84527DF8}.release|Win32.ActiveCfg = release|Win32
		{0E4D2A0B-A203-4332-9EFA-534D84527DF8}.release|Win32.Build.0 = release|Win32
		{0E4D2A0B-A203-4332-9EFA-534D84527DF8}.release|x64.ActiveCfg = release|x64
		{0E4D2A0B-A203-4332-9EFA-534D84527DF8}.release|x64.Build.0 = release|x64
		{7C9699E7-EA5C-4460-AE0D-FD29C941E48D}.release|Win32.ActiveCfg = release|Win32
		{7C9699E7-EA5C-4460-AE0D-FD29C941E48D}.release|Win32.Build.0 = release|Win32
		{7C9699E7-EA5C-4460-AE0D-FD29C941E48D}.release|x64.ActiveCfg = release|x64
		{7C9699E7-EA5C-4460-AE0D-FD29C941E48D}.release|x64.Build.0 = release|x64
		{938D2EC8-7C19-4665-8957-F5C1B8AC496E}.release|Win32.ActiveCfg = release|Win32
		{938D2EC8-7C19-4665-8957-F5C1B8AC496E}.release|Win32.Build.0 = release|Win32
		{938D2EC8-7C19-4665-8957-F5C1B8AC496E}.release|x64.ActiveCfg = release|x64
		{938D2EC8-7C19-4665-8957-F5C1B8AC496E}.release|x64.Build.0 = release|x64
		{D86E1597-23C7-47B6-BCE9-633E33180895}.release|Win32.ActiveCfg = release|Win32
		{D86E1597-23C7-47B6-BCE9-633E33180895}.release|Win32.Build.0 = release|Win32
		{D86E1597-23C7-47B6-BCE9-633E33180895}.release|x64.ActiveCfg = release|x64
		{D86E1597-23C7-47B6-BCE9-633E33180895}.release|x64.Build.0 = release|x64
		{33C50877-347B-4985-AC0A-CE8BCA117AAA}.release|Win32.ActiveCfg = release|Win32
		{33C50877-347B-4985-AC0A-CE8BCA117AAA}.release|Win32.Build.0 = release|Win32
		{33C50877-347B-4985-AC0A-CE8BCA117AAA}.release|x64.ActiveCfg = release|x64
		{33C50877-347B-4985-AC0A-CE8BCA117AAA}.release|x64.Build.0 = release|x64
		{88AD0DD9-CFB5-4698-9923-C19467FC7AB4}.release|Win32.ActiveCfg = release|Win32
		{88AD0DD9-CFB5-4698-9923-C19467FC7AB4}.release|Win32.Build.0 = release|Win32
		{88AD0DD9-CFB5-4698-9923-C19467FC7AB4}.release|x64.ActiveCfg = release|x64
		{88AD0DD9-CFB5-4698-9923-C19467FC7AB4}.release|x64.Build.0 = release|x64
		{CE815AF3-2C4B-4E28-A821-B5755580380B}.release|Win32.ActiveCfg = release|Win32
		{CE815AF3-2C4B-4E28-A821-B5755580380B}.release|Win32.Build.0 = release|Win32
		{CE815AF3-2C4B-4E28-A821-B5755580380B}.release|x64.ActiveCfg = release|x64
		{CE815AF3-2C4B-4E28-A821-B5755580380B}.release|x64.Build.0 = release|x64
		{87CF0A43-8A40-4223-99E7-C39BD0EF9095}.release|Win32.ActiveCfg = release|Win32
		{87CF0A43-8A40-4223-99E7-C39BD0EF9095}.release|Win32.Build.0 = release|Win32
		{87CF0A43-8A40-4223-99E7-C39BD0EF9095}.release|x64.ActiveCfg = release|x64
		{87CF0A43-8A40-4223-99E7-C39BD0EF9095}.release|x64.Build.0 = release|x64
		{B5D807BB-EDF7-4C66-A282-A26C154E0046}.release|Win32.ActiveCfg = release|Win32
		{B5D807BB-EDF7-4C66-A282-A26C154E0046}.release|Win32.Build.0 = release|Win32
		{B5D807BB-EDF7-4C66-A282-A26C154E0046}.release|x64.ActiveCfg = release|x64
		{B5D807BB-EDF7-4C66-A282-A26C154E0046}.release|x64.Build.0 = release|x64
		{1DF9C581-FFDF-40BD-A818-957D43AF3214}.release|Win32.ActiveCfg = release|Win32
		{1DF9C581-FFDF-40BD-A818-957D43AF3214}.release|Win32.Build.0 = release|Win32
		{1DF9C581-FFDF-40BD-A818-957D43AF3214}.release|x64.ActiveCfg = release|x64
		{1DF9C581-FFDF-40BD-A818-957D43AF3214}.release|x64.Build.0 = release|x64
		{C13F8AD2-B19E-4786-A4CA-28124EB83EC1}.release|Win32.ActiveCfg = release|Win32
		{C13F8AD2-B19E-4786-A4CA-28124EB83EC1}.release|Win32.Build.0 = release|Win32
		{C13F8AD2-B19E-4786-A4CA-28124EB83EC1}.release|x64.ActiveCfg = release|x64
		{C13F8AD2-B19E-4786-A4CA-28124EB83EC1}.release|x64.Build.0 = release|x64
		{24ACF24C-C36A-4237-B210-884513064647}.release|Win32.ActiveCfg = release|Win32
		{24ACF24C-C36A-4237-B210-884513064647}.release|Win32.Build.0 = release|Win32
		{24ACF24C-C36A-4237-B210-884513064647}.release|x64.ActiveCfg = release|x64
		{24ACF24C-C36A-4237-B210-884513064647}.release|x64.Build.0 = release|x64
		{347DE3EB-201B-4607-8433-65EBE9EA0DA6}.release|Win32.ActiveCfg = release|Win32
		{347DE3EB-201B-4607-8433-65EBE9EA0DA6}.release|Win32.Build.0 = release|Win32
		{347DE3EB-201B-4607-8433-65EBE9EA0DA6}.release|x64.ActiveCfg = release|x64
		{347DE3EB-201B-4607-8433-65EBE9EA0DA6}.release|x64.Build.0 = release|x64
		{B37BD67C-BBB6-4BE4-AEE1-13A16D24B1A4}.release|Win32.ActiveCfg = release|Win32
		{B37BD67C-BBB6-4BE4-AEE1-13A16D24B1A4}.release|Win32.Build.0 = release|Win32
		{B37BD67C-BBB6-4BE4-AEE1-13A16D24B1A4}.release|x64.ActiveCfg = release|x64
		{B37BD67C-BBB6-4BE4-AEE1-13A16D24B1A4}.release|x64.Build.0 = release|x64
		{7FA19EAB-FA92-4500-81C7-8E67E8553ACC}.release|Win32.ActiveCfg = release|Win32
		{7FA19EAB-FA92-4500-81C7-8E67E8553ACC}.release|Win32.Build.0 = release|Win32
		{7FA19EAB-FA92-4500-81C7-8E67E8553ACC}.release|x64.ActiveCfg = release|x64
		{7FA19EAB-FA92-4500-81C7-8E67E8553ACC}.release|x64.Build.0 = release|x64
		{50D2C706-ADA1-461F-A419-D1B3F796B0AE}.release|Win32.ActiveCfg = release|Win32
		{50D2C706-ADA1-461F-A419-D1B3F796B0AE}.release|Win32.Build.0 = release|Win32
		{50D2C706-ADA1-461F-A419-D1B3F796B0AE}.release|x64.ActiveCfg = release|x64
		{50D2C706-ADA1-461F-A419-D1B3F796B0AE}.release|x64.Build.0 = release|x64
		{719BEEF9-5FAA-4062-B395-55CDACA39667}.release|Win32.ActiveCfg = release|Win32
		{719BEEF9-5FAA-4062-B395-55CDACA39667}.release|Win32.Build.0 = release|Win32
		{719BEEF9-5FAA-4062-B395-55CDACA39667}.release|x64.ActiveCfg = release|x64
		{719BEEF9-5FAA-4062-B395-55CDACA39667}.release|x64.Build.0 = release|x64
		{FCB7E115-DA2D-4A8C-A059-E698A9ED4276}.release|Win32.ActiveCfg = release|Win32
		{FCB7E115-DA2D-4A8C-A059-E698A9ED4276}.release|Win32.Build.0 = release|Win32
		{FCB7E115-DA2D-4A8C-A059-E698A9ED4276}.release|x64.ActiveCfg = release|x64
		{FCB7E115-DA2D-4A8C-A059-E698A9ED4276}.release|x64.Build.0 = release|x64
		{14C45D48-70B4-47E9-8FDD-3D2A308EE705}.release|Win32.ActiveCfg = release|Win32
		{14C45D48-70B4-47E9-8FDD-3D2A308EE705}.release|Win32.Build.0 = release|Win32
		{14C45D48-70B4-47E9-8FDD-3D2A308EE705}.release|x64.ActiveCfg = release|x64
		{14C45D48-70B4-47E9-8FDD-3D2A308EE705}.release|x64.Build.0 = release|x64
		{C07B8CA1-C719-45D9-8717-6E13EE2A7394}.release|Win32.ActiveCfg = release|Win32
		{C07B8CA1-C719-45D9-8717-6E13EE2A7394}.release|Win32.Build.0 = release|Win32
		{C07B8CA1-C719-45D9-8717-6E13EE2A7394}.release|x64.ActiveCfg = release|x64
		{C07B8CA1-C719-45D9-8717-6E13EE2A7394}.release|x64.Build.0 = release|x64
		{F365112C-B560-439B-8872-BDF19C734F83}.release|Win32.ActiveCfg = release|Win32
		{F365112C-B560-439B-8872-BDF19C734F83}.release|Win32.Build.0 = release|Win32
		{F365112C-B560-439B-8872-BDF19C734F83}.release|x64.ActiveCfg = release|x64
		{F365112C-B560-439B-8872-BDF19C734F83}.release|x64.Build.0 = release|x64
		{0C7AE900-4122-4F87-BD70-C465870C14E0}.release|Win32.ActiveCfg = release|Win32
		{0C7AE900-4122-4F87-BD70-C465870C14E0}.release|Win32.Build.0 = release|Win32
		{0C7AE900-4122-4F87-BD70-C465870C14E0}.release|x64.ActiveCfg = release|x64
		{0C7AE900-4122-4F87-BD70-C465870C14E0}.release|x64.Build.0 = release|x64
		{37E3CFBB-B740-430B-9880-9305A098FBE5}.release|Win32.ActiveCfg = release|Win32
		{37E3CFBB-B740-430B-9880-9305A098FBE5}.release|Win32.Build.0 = release|Win32
		{37E3CFBB-B740-430B-9880-9305A098FBE5}.release|x64.ActiveCfg = release|x64
		{37E3CFBB-B740-430B-9880-9305A098FBE5}.release|x64.Build.0 = release|x64
		{72206EE7-E37C-4B30-8B99-67D27ECA4016}.release|Win32.ActiveCfg = release|Win32
		{72206EE7-E37C-4B30-8B99-67D27ECA4016}.release|Win32.Build.0 = release|Win32
		{72206EE7-E37C-4B30-8B99-67D27ECA4016}.release|x64.ActiveCfg = release|x64
		{72206EE7-E37C-4B30-8B99-67D27ECA4016}.release|x64.Build.0 = release|x64
		{E2ECE25F-EA7D-4359-8B47-D66CB26B436E}.release|Win32.ActiveCfg = release|Win32
		{E2ECE25F-EA7D-4359-8B47-D66CB26B436E}.release|Win32.Build.0 = release|Win32
		{E2ECE25F-EA7D-4359-8B47-D66CB26B436E}.release|x64.ActiveCfg = release|x64
		{E2ECE25F-EA7D-4359-8B47-D66CB26B436E}.release|x64.Build.0 = release|x64
		{2B761209-CF3F-4904-9C54-ADBFB62255A9}.release|Win32.ActiveCfg = release|Win32
		{2B761209-CF3F-4904-9C54-ADBFB62255A9}.release|Win32.Build.0 = release|Win32
		{2B761209-CF3F-4904-9C54-ADBFB62255A9}.release|x64.ActiveCfg = release|x64
		{2B761209-CF3F-4904-9C54-ADBFB62255A9}.release|x64.Build.0 = release|x64
		{339AC299-3B12-4398-9AEF-A6E4F9C719C9}.release|Win32.ActiveCfg = release|Win32
		{339AC299-3B12-4398-9AEF-A6E4F9C719C9}.release|Win32.Build.0 = release|Win32
		{339AC299-3B12-4398-9AEF-A6E4F9C719C9}.release|x64.ActiveCfg = release|x64
		{339AC299-3B12-4398-9AEF-A6E4F9C719C9}.release|x64.Build.0 = release|x64
		{EC392AA8-627C-4C25-898B-294DCF45C55C}.release|Win32.ActiveCfg = release|Win32
		{EC392AA8-627C-4C25-898B-294DCF45C55C}.release|Win32.Build.0 = release|Win32
		{EC392AA8-627C-4C25-898B-294DCF45C55C}.release|x64.ActiveCfg = release|x64
		{EC392AA8-627C-4C25-898B-294DCF45C55C}.release|x64.Build.0 = release|x64
	EndGlobalSection
	GlobalSection(SolutionProperties) = preSolution
		HideSolutionNode = FALSE
	EndGlobalSection
	GlobalSection(NestedProjects) = preSolution
		{5A1E58E2-A6E2-4189-96A5-71F19703A38E} = {01F10CBD-C711-40CE-87CB-81759E16FA43}
		{323B67BF-D20D-47D7-AF9F-22CF9413AC3A} = {01F10CBD-C711-40CE-87CB-81759E16FA43}
		{FE02A5D9-69A1-4806-9585-A6900B32D99A} = {01F10CBD-C711-40CE-87CB-81759E16FA43}
		{A3ED8F70-069A-4017-8DDE-F529D6ECC14E} = {01F10CBD-C711-40CE-87CB-81759E16FA43}
		{C2B90BCB-A7E7-4F47-8136-10EAEE417A76} = {01F10CBD-C711-40CE-87CB-81759E16FA43}
		{261DEF48-BABB-44DE-A605-8A26545D0D4A} = {01F10CBD-C711-40CE-87CB-81759E16FA43}
		{83CFBED5-22B8-472B-BCAE-C46DCB248F8A} = {01F10CBD-C711-40CE-87CB-81759E16FA43}
		{89DB1D89-CC9A-4D44-8B72-6C20FB5DF59D} = {01F10CBD-C711-40CE-87CB-81759E16FA43}
		{E9613E24-FD93-4E59-9C04-7410B79F6AAB} = {01F10CBD-C711-40CE-87CB-81759E16FA43}
		{0E4D2A0B-A203-4332-9EFA-534D84527DF8} = {01F10CBD-C711-40CE-87CB-81759E16FA43}
		{7C9699E7-EA5C-4460-AE0D-FD29C941E48D} = {01F10CBD-C711-40CE-87CB-81759E16FA43}
		{938D2EC8-7C19-4665-8957-F5C1B8AC496E} = {01F10CBD-C711-40CE-87CB-81759E16FA43}
		{D86E1597-23C7-47B6-BCE9-633E33180895} = {01F10CBD-C711-40CE-87CB-81759E16FA43}
		{33C50877-347B-4985-AC0A-CE8BCA117AAA} = {01F10CBD-C711-40CE-87CB-81759E16FA43}
		{88AD0DD9-CFB5-4698-9923-C19467FC7AB4} = {01F10CBD-C711-40CE-87CB-81759E16FA43}
		{CE815AF3-2C4B-4E28-A821-B5755580380B} = {01F10CBD-C711-40CE-87CB-81759E16FA43}
		{87CF0A43-8A40-4223-99E7-C39BD0EF9095} = {370AC5F0-8211-4ABD-8581-C667AA16D468}
		{B5D807BB-EDF7-4C66-A282-A26C154E0046} = {370AC5F0-8211-4ABD-8581-C667AA16D468}
		{1DF9C581-FFDF-40BD-A818-957D43AF3214} = {370AC5F0-8211-4ABD-8581-C667AA16D468}
		{C13F8AD2-B19E-4786-A4CA-28124EB83EC1} = {370AC5F0-8211-4ABD-8581-C667AA16D468}
		{24ACF24C-C36A-4237-B210-884513064647} = {EAA99D17-C073-44EF-A0A9-84EC66CF4D41}
		{347DE3EB-201B-4607-8433-65EBE9EA0DA6} = {EAA99D17-C073-44EF-A0A9-84EC66CF4D41}
		{B37BD67C-BBB6-4BE4-AEE1-13A16D24B1A4} = {EAA99D17-C073-44EF-A0A9-84EC66CF4D41}
		{7FA19EAB-FA92-4500-81C7-8E67E8553ACC} = {EAA99D17-C073-44EF-A0A9-84EC66CF4D41}
		{50D2C706-ADA1-461F-A419-D1B3F796B0AE} = {EAA99D17-C073-44EF-A0A9-84EC66CF4D41}
		{719BEEF9-5FAA-4062-B395-55CDACA39667} = {EAA99D17-C073-44EF-A0A9-84EC66CF4D41}
		{FCB7E115-DA2D-4A8C-A059-E698A9ED4276} = {EAA99D17-C073-44EF-A0A9-84EC66CF4D41}
		{14C45D48-70B4-47E9-8FDD-3D2A308EE705} = {EAA99D17-C073-44EF-A0A9-84EC66CF4D41}
		{C07B8CA1-C719-45D9-8717-6E13EE2A7394} = {EAA99D17-C073-44EF-A0A9-84EC66CF4D41}
		{F365112C-B560-439B-8872-BDF19C734F83} = {EAA99D17-C073-44EF-A0A9-84EC66CF4D41}
		{0C7AE900-4122-4F87-BD70-C465870C14E0} = {EAA99D17-C073-44EF-A0A9-84EC66CF4D41}
		{37E3CFBB-B740-430B-9880-9305A098FBE5} = {EAA99D17-C073-44EF-A0A9-84EC66CF4D41}
		{72206EE7-E37C-4B30-8B99-67D27ECA4016} = {EAA99D17-C073-44EF-A0A9-84EC66CF4D41}
		{E2ECE25F-EA7D-4359-8B47-D66CB26B436E} = {EAA99D17-C073-44EF-A0A9-84EC66CF4D41}
		{2B761209-CF3F-4904-9C54-ADBFB62255A9} = {EAA99D17-C073-44EF-A0A9-84EC66CF4D41}
		{339AC299-3B12-4398-9AEF-A6E4F9C719C9} = {EAA99D17-C073-44EF-A0A9-84EC66CF4D41}
		{EC392AA8-627C-4C25-898B-294DCF45C55C} = {EAA99D17-C073-44EF-A0A9-84EC66CF4D41}
		{01F10CBD-C711-40CE-87CB-81759E16FA43} = {EAA99D17-C073-44EF-A0A9-84EC66CF4D41}
		{370AC5F0-8211-4ABD-8581-C667AA16D468} = {EAA99D17-C073-44EF-A0A9-84EC66CF4D41}
	EndGlobalSection
	GlobalSection(ExtensibilityGlobals) = postSolution
		SolutionGuid = {0D070A21-93C3-4205-8582-9698A8483F6A}
	EndGlobalSection
EndGlobal
