<?xml version="1.0" encoding="utf-8"?>
<Project ToolsVersion="4.0" xmlns="http://schemas.microsoft.com/developer/msbuild/2003">
  <ItemGroup>
    <Filter Include="Source Files">
      <UniqueIdentifier>{9b9500ad-b73d-4376-9bd6-37bd0fa52989}</UniqueIdentifier>
      <Extensions>c;C;cpp;cxx;c++;cc;cs;def;java;m;mm</Extensions>
      <ParseFiles>True</ParseFiles>
      <SourceControlFiles>True</SourceControlFiles>
    </Filter>
    <Filter Include="Header Files">
      <UniqueIdentifier>{d3175998-c68b-42b7-a88a-2b7a80be949b}</UniqueIdentifier>
      <Extensions>h;H;hpp;hxx;h++</Extensions>
      <ParseFiles>True</ParseFiles>
      <SourceControlFiles>True</SourceControlFiles>
    </Filter>
    <Filter Include="Form Files">
      <UniqueIdentifier>{dafaadc8-c4e6-40d9-89e1-bc5f9da9f46c}</UniqueIdentifier>
      <Extensions>ui</Extensions>
      <ParseFiles>True</ParseFiles>
      <SourceControlFiles>True</SourceControlFiles>
    </Filter>
    <Filter Include="Resource Files">
      <UniqueIdentifier>{6fb82875-3685-4ac0-a3b9-c741f134ce04}</UniqueIdentifier>
      <Extensions>qrc;rc;*</Extensions>
      <ParseFiles>False</ParseFiles>
      <SourceControlFiles>True</SourceControlFiles>
    </Filter>
    <Filter Include="Generated Files">
      <UniqueIdentifier>{f9b07933-dba1-4482-bd6a-46c05c2842c3}</UniqueIdentifier>
      <Extensions>moc</Extensions>
      <ParseFiles>True</ParseFiles>
      <SourceControlFiles>False</SourceControlFiles>
    </Filter>
    <Filter Include="Translation Files">
      <UniqueIdentifier>{f3348ff7-95e8-4042-b40f-9876e6d7fab9}</UniqueIdentifier>
      <Extensions>ts</Extensions>
      <ParseFiles>False</ParseFiles>
      <SourceControlFiles>True</SourceControlFiles>
    </Filter>
  </ItemGroup>
  <ItemGroup>
    <None Include="$(ProjectDir)src/tiledquickplugin/tiledquickplugin.qbs" />
    <None Include="$(ProjectDir)src/tiledquickplugin/qmldir" />
  </ItemGroup>
  <ItemGroup>
    <ClCompile Include="$(ProjectDir)src/tiledquickplugin/tiledquickplugin.cpp">
      <Filter>Source Files</Filter>
    </ClCompile>
  </ItemGroup>
  <ItemGroup>
    <ClInclude Include="$(ProjectDir)src/tiledquickplugin/tiledquickplugin.h">
      <Filter>Header Files</Filter>
    </ClInclude>
  </ItemGroup>
</Project>