<?xml version="1.0" encoding="utf-8"?>
<Project ToolsVersion="4.0" xmlns="http://schemas.microsoft.com/developer/msbuild/2003">
  <ItemGroup>
    <Filter Include="Source Files">
      <UniqueIdentifier>{8d06947d-06ac-4672-82a7-6df6369d1b22}</UniqueIdentifier>
      <Extensions>c;C;cpp;cxx;c++;cc;cs;def;java;m;mm</Extensions>
      <ParseFiles>True</ParseFiles>
      <SourceControlFiles>True</SourceControlFiles>
    </Filter>
    <Filter Include="Header Files">
      <UniqueIdentifier>{f69603af-79c3-49b3-8de0-0c4be7163478}</UniqueIdentifier>
      <Extensions>h;H;hpp;hxx;h++</Extensions>
      <ParseFiles>True</ParseFiles>
      <SourceControlFiles>True</SourceControlFiles>
    </Filter>
    <Filter Include="Form Files">
      <UniqueIdentifier>{4770a63c-4c99-4dce-8bf5-0971e4d3fd2b}</UniqueIdentifier>
      <Extensions>ui</Extensions>
      <ParseFiles>True</ParseFiles>
      <SourceControlFiles>True</SourceControlFiles>
    </Filter>
    <Filter Include="Resource Files">
      <UniqueIdentifier>{fe7dd6ea-f4c1-4f3a-9038-57da9e1eb766}</UniqueIdentifier>
      <Extensions>qrc;rc;*</Extensions>
      <ParseFiles>False</ParseFiles>
      <SourceControlFiles>True</SourceControlFiles>
    </Filter>
    <Filter Include="Generated Files">
      <UniqueIdentifier>{bd6316e0-3c6c-42da-bb60-46978556f1f3}</UniqueIdentifier>
      <Extensions>moc</Extensions>
      <ParseFiles>True</ParseFiles>
      <SourceControlFiles>False</SourceControlFiles>
    </Filter>
    <Filter Include="Translation Files">
      <UniqueIdentifier>{8d5b897a-90a5-445a-9b19-5a353ba3e3fd}</UniqueIdentifier>
      <Extensions>ts</Extensions>
      <ParseFiles>False</ParseFiles>
      <SourceControlFiles>True</SourceControlFiles>
    </Filter>
  </ItemGroup>
  <ItemGroup>
    <None Include="$(ProjectDir)src/tiledquick/tiledquick.qbs" />
    <None Include="$(ProjectDir)src/tiledquick/fonts/fonts.qrc">
      <Filter>Resource Files</Filter>
    </None>
    <None Include="$(ProjectDir)src/tiledquick/qml/qml.qrc">
      <Filter>Resource Files</Filter>
    </None>
    <None Include="$(ProjectDir)src/tiledquick/qml/qtquickcontrols2.conf" />
  </ItemGroup>
  <ItemGroup>
    <ClCompile Include="$(ProjectDir)src/tiledquick/main.cpp">
      <Filter>Source Files</Filter>
    </ClCompile>
  </ItemGroup>
</Project>