<?xml version="1.0" encoding="UTF-8"?>
<Project ToolsVersion="4.0" xmlns="http://schemas.microsoft.com/developer/msbuild/2003">
    <ItemGroup>
        <Filter Include="Source Files">
            <UniqueIdentifier>{4b4a319e-838b-4261-86c2-c40e7e6667e4}</UniqueIdentifier>
            <Extensions>c;C;cpp;cxx;c++;cc;cs;def;java;m;mm</Extensions>
            <ParseFiles>True</ParseFiles>
            <SourceControlFiles>True</SourceControlFiles>
        </Filter>
        <Filter Include="Header Files">
            <UniqueIdentifier>{bdcb3519-3cdc-4341-837f-98ca03716408}</UniqueIdentifier>
            <Extensions>h;H;hpp;hxx;h++</Extensions>
            <ParseFiles>True</ParseFiles>
            <SourceControlFiles>True</SourceControlFiles>
        </Filter>
        <Filter Include="Form Files">
            <UniqueIdentifier>{f7a2c9fa-9243-4594-b996-8834ca09c298}</UniqueIdentifier>
            <Extensions>ui</Extensions>
            <ParseFiles>True</ParseFiles>
            <SourceControlFiles>True</SourceControlFiles>
        </Filter>
        <Filter Include="Resource Files">
            <UniqueIdentifier>{abe46a07-bc3c-425d-8c31-9f5ba6685a99}</UniqueIdentifier>
            <Extensions>qrc;rc;*</Extensions>
            <ParseFiles>False</ParseFiles>
            <SourceControlFiles>True</SourceControlFiles>
        </Filter>
        <Filter Include="Generated Files">
            <UniqueIdentifier>{20e54a5c-6589-4117-9182-ec2803afe213}</UniqueIdentifier>
            <Extensions>moc</Extensions>
            <ParseFiles>True</ParseFiles>
            <SourceControlFiles>False</SourceControlFiles>
        </Filter>
        <Filter Include="Translation Files">
            <UniqueIdentifier>{7e921c64-cd9f-44f0-a0b8-a8a9da826caa}</UniqueIdentifier>
            <Extensions>ts</Extensions>
            <ParseFiles>False</ParseFiles>
            <SourceControlFiles>True</SourceControlFiles>
        </Filter>
    </ItemGroup>
    <ItemGroup>
        <None Include="C:/dev/eden_industries/eden_projects/SketchEngine/tools/Tiled3.0/tiled/translations/tiled_ar_DZ.ts"/>
        <None Include="C:/dev/eden_industries/eden_projects/SketchEngine/tools/Tiled3.0/tiled/translations/tiled_bg.ts"/>
        <None Include="C:/dev/eden_industries/eden_projects/SketchEngine/tools/Tiled3.0/tiled/translations/tiled_cs.ts"/>
        <None Include="C:/dev/eden_industries/eden_projects/SketchEngine/tools/Tiled3.0/tiled/translations/tiled_de.ts"/>
        <None Include="C:/dev/eden_industries/eden_projects/SketchEngine/tools/Tiled3.0/tiled/translations/tiled_en.ts"/>
        <None Include="C:/dev/eden_industries/eden_projects/SketchEngine/tools/Tiled3.0/tiled/translations/tiled_es.ts"/>
        <None Include="C:/dev/eden_industries/eden_projects/SketchEngine/tools/Tiled3.0/tiled/translations/tiled_fi.ts"/>
        <None Include="C:/dev/eden_industries/eden_projects/SketchEngine/tools/Tiled3.0/tiled/translations/tiled_fr.ts"/>
        <None Include="C:/dev/eden_industries/eden_projects/SketchEngine/tools/Tiled3.0/tiled/translations/tiled_he.ts"/>
        <None Include="C:/dev/eden_industries/eden_projects/SketchEngine/tools/Tiled3.0/tiled/translations/tiled_hu.ts"/>
        <None Include="C:/dev/eden_industries/eden_projects/SketchEngine/tools/Tiled3.0/tiled/translations/tiled_it.ts"/>
        <None Include="C:/dev/eden_industries/eden_projects/SketchEngine/tools/Tiled3.0/tiled/translations/tiled_ja.ts"/>
        <None Include="C:/dev/eden_industries/eden_projects/SketchEngine/tools/Tiled3.0/tiled/translations/tiled_ko.ts"/>
        <None Include="C:/dev/eden_industries/eden_projects/SketchEngine/tools/Tiled3.0/tiled/translations/tiled_nb.ts"/>
        <None Include="C:/dev/eden_industries/eden_projects/SketchEngine/tools/Tiled3.0/tiled/translations/tiled_nl.ts"/>
        <None Include="C:/dev/eden_industries/eden_projects/SketchEngine/tools/Tiled3.0/tiled/translations/tiled_pl.ts"/>
        <None Include="C:/dev/eden_industries/eden_projects/SketchEngine/tools/Tiled3.0/tiled/translations/tiled_pt.ts"/>
        <None Include="C:/dev/eden_industries/eden_projects/SketchEngine/tools/Tiled3.0/tiled/translations/tiled_pt_PT.ts"/>
        <None Include="C:/dev/eden_industries/eden_projects/SketchEngine/tools/Tiled3.0/tiled/translations/tiled_ru.ts"/>
        <None Include="C:/dev/eden_industries/eden_projects/SketchEngine/tools/Tiled3.0/tiled/translations/tiled_sv.ts"/>
        <None Include="C:/dev/eden_industries/eden_projects/SketchEngine/tools/Tiled3.0/tiled/translations/tiled_th.ts"/>
        <None Include="C:/dev/eden_industries/eden_projects/SketchEngine/tools/Tiled3.0/tiled/translations/tiled_tr.ts"/>
        <None Include="C:/dev/eden_industries/eden_projects/SketchEngine/tools/Tiled3.0/tiled/translations/tiled_uk.ts"/>
        <None Include="C:/dev/eden_industries/eden_projects/SketchEngine/tools/Tiled3.0/tiled/translations/tiled_zh_CN.ts"/>
        <None Include="C:/dev/eden_industries/eden_projects/SketchEngine/tools/Tiled3.0/tiled/translations/tiled_zh_TW.ts"/>
    </ItemGroup>
</Project>
