<?xml version="1.0" encoding="utf-8"?>
<Project ToolsVersion="4.0" xmlns="http://schemas.microsoft.com/developer/msbuild/2003">
  <ItemGroup>
    <Filter Include="Source Files">
      <UniqueIdentifier>{9936f480-f722-427f-92cc-6baae060f0d2}</UniqueIdentifier>
      <Extensions>c;C;cpp;cxx;c++;cc;cs;def;java;m;mm</Extensions>
      <ParseFiles>True</ParseFiles>
      <SourceControlFiles>True</SourceControlFiles>
    </Filter>
    <Filter Include="Header Files">
      <UniqueIdentifier>{5cf3bc68-685a-4314-9cd0-f05cca793ce6}</UniqueIdentifier>
      <Extensions>h;H;hpp;hxx;h++</Extensions>
      <ParseFiles>True</ParseFiles>
      <SourceControlFiles>True</SourceControlFiles>
    </Filter>
    <Filter Include="Form Files">
      <UniqueIdentifier>{df400d9b-2345-4ab1-9bad-a29332b96bca}</UniqueIdentifier>
      <Extensions>ui</Extensions>
      <ParseFiles>True</ParseFiles>
      <SourceControlFiles>True</SourceControlFiles>
    </Filter>
    <Filter Include="Resource Files">
      <UniqueIdentifier>{f5572815-1c4e-4ce3-b3ff-09958828a28e}</UniqueIdentifier>
      <Extensions>qrc;rc;*</Extensions>
      <ParseFiles>False</ParseFiles>
      <SourceControlFiles>True</SourceControlFiles>
    </Filter>
    <Filter Include="Generated Files">
      <UniqueIdentifier>{7c730c3a-03df-45be-bd7a-c83d08b6df42}</UniqueIdentifier>
      <Extensions>moc</Extensions>
      <ParseFiles>True</ParseFiles>
      <SourceControlFiles>False</SourceControlFiles>
    </Filter>
    <Filter Include="Translation Files">
      <UniqueIdentifier>{9354b1d1-33b1-40e6-9fb8-68f15d5736d9}</UniqueIdentifier>
      <Extensions>ts</Extensions>
      <ParseFiles>False</ParseFiles>
      <SourceControlFiles>True</SourceControlFiles>
    </Filter>
  </ItemGroup>
  <ItemGroup>
    <None Include="$(ProjectDir)translations/translations.qbs" />
    <None Include="$(ProjectDir)translations/tiled_ar_DZ.ts">
      <Filter>Translation Files</Filter>
    </None>
    <None Include="$(ProjectDir)translations/tiled_bg.ts">
      <Filter>Translation Files</Filter>
    </None>
    <None Include="$(ProjectDir)translations/tiled_cs.ts">
      <Filter>Translation Files</Filter>
    </None>
    <None Include="$(ProjectDir)translations/tiled_de.ts">
      <Filter>Translation Files</Filter>
    </None>
    <None Include="$(ProjectDir)translations/tiled_en.ts">
      <Filter>Translation Files</Filter>
    </None>
    <None Include="$(ProjectDir)translations/tiled_es.ts">
      <Filter>Translation Files</Filter>
    </None>
    <None Include="$(ProjectDir)translations/tiled_fi.ts">
      <Filter>Translation Files</Filter>
    </None>
    <None Include="$(ProjectDir)translations/tiled_fr.ts">
      <Filter>Translation Files</Filter>
    </None>
    <None Include="$(ProjectDir)translations/tiled_he.ts">
      <Filter>Translation Files</Filter>
    </None>
    <None Include="$(ProjectDir)translations/tiled_hu.ts">
      <Filter>Translation Files</Filter>
    </None>
    <None Include="$(ProjectDir)translations/tiled_it.ts">
      <Filter>Translation Files</Filter>
    </None>
    <None Include="$(ProjectDir)translations/tiled_ja.ts">
      <Filter>Translation Files</Filter>
    </None>
    <None Include="$(ProjectDir)translations/tiled_ko.ts">
      <Filter>Translation Files</Filter>
    </None>
    <None Include="$(ProjectDir)translations/tiled_nb.ts">
      <Filter>Translation Files</Filter>
    </None>
    <None Include="$(ProjectDir)translations/tiled_nl.ts">
      <Filter>Translation Files</Filter>
    </None>
    <None Include="$(ProjectDir)translations/tiled_pl.ts">
      <Filter>Translation Files</Filter>
    </None>
    <None Include="$(ProjectDir)translations/tiled_pt.ts">
      <Filter>Translation Files</Filter>
    </None>
    <None Include="$(ProjectDir)translations/tiled_pt_PT.ts">
      <Filter>Translation Files</Filter>
    </None>
    <None Include="$(ProjectDir)translations/tiled_ru.ts">
      <Filter>Translation Files</Filter>
    </None>
    <None Include="$(ProjectDir)translations/tiled_sv.ts">
      <Filter>Translation Files</Filter>
    </None>
    <None Include="$(ProjectDir)translations/tiled_th.ts">
      <Filter>Translation Files</Filter>
    </None>
    <None Include="$(ProjectDir)translations/tiled_tr.ts">
      <Filter>Translation Files</Filter>
    </None>
    <None Include="$(ProjectDir)translations/tiled_uk.ts">
      <Filter>Translation Files</Filter>
    </None>
    <None Include="$(ProjectDir)translations/tiled_zh_CN.ts">
      <Filter>Translation Files</Filter>
    </None>
    <None Include="$(ProjectDir)translations/tiled_zh_TW.ts">
      <Filter>Translation Files</Filter>
    </None>
  </ItemGroup>
</Project>